
Microsoft Visual Studio Solution File, Format Version 12.00
# Visual Studio Version 17
VisualStudioVersion = 17.7.34003.232
MinimumVisualStudioVersion = 10.0.40219.1
Project("{FAE04EC0-301F-11D3-BF4B-00C04F79EFBC}") = "PRG_Project_Final", "PRG_Project_Final.csproj", "{D7CE17CF-EFE5-45F5-9AA6-551A312B1A4B}"
EndProject
Global
	GlobalSection(SolutionConfigurationPlatforms) = preSolution
		Debug|Any CPU = Debug|Any CPU
		Release|Any CPU = Release|Any CPU
	EndGlobalSection
	GlobalSection(ProjectConfigurationPlatforms) = postSolution
		{D7CE17CF-EFE5-45F5-9AA6-551A312B1A4B}.Debug|Any CPU.ActiveCfg = Debug|Any CPU
		{D7CE17CF-EFE5-45F5-9AA6-551A312B1A4B}.Debug|Any CPU.Build.0 = Debug|Any CPU
		{D7CE17CF-EFE5-45F5-9AA6-551A312B1A4B}.Release|Any CPU.ActiveCfg = Release|Any CPU
		{D7CE17CF-EFE5-45F5-9AA6-551A312B1A4B}.Release|Any CPU.Build.0 = Release|Any CPU
	EndGlobalSection
	GlobalSection(SolutionProperties) = preSolution
		HideSolutionNode = FALSE
	EndGlobalSection
	GlobalSection(ExtensibilityGlobals) = postSolution
		SolutionGuid = {437F5FF1-7ED6-4257-BA43-1787FF50C251}
	EndGlobalSection
EndGlobal
